
Microsoft Visual Studio Solution File, Format Version 12.00
# Visual Studio Version 16
VisualStudioVersion = 16.0.31205.134
MinimumVisualStudioVersion = 10.0.40219.1
Project("{FAE04EC0-301F-11D3-BF4B-00C04F79EFBC}") = "WpfAddressBook", "WpfAddressBook\WpfAddressBook.csproj", "{67A940E9-1D23-4BC7-AECA-707933F85885}"
EndProject
Project("{FAE04EC0-301F-11D3-BF4B-00C04F79EFBC}") = "WpfContactsModule", "WpfContactsModule\WpfContactsModule.csproj", "{7E16F344-3841-4CAD-A9E6-5A1E9D0FB461}"
EndProject
Project("{FAE04EC0-301F-11D3-BF4B-00C04F79EFBC}") = "AppServiceInterfaces", "AppServiceInterfaces\AppServiceInterfaces.csproj", "{C4EAC603-D6BF-4369-9097-555C0D496FA0}"
EndProject
Project("{FAE04EC0-301F-11D3-BF4B-00C04F79EFBC}") = "ClientInfrastructure", "ClientInfrastructure\ClientInfrastructure.csproj", "{931DD48F-4D29-4452-955C-D96623B5B7AF}"
EndProject
Project("{FAE04EC0-301F-11D3-BF4B-00C04F79EFBC}") = "ClientModel", "ClientModel\ClientModel.csproj", "{C105966C-BE5F-4C86-8240-7F557316025A}"
EndProject
Project("{FAE04EC0-301F-11D3-BF4B-00C04F79EFBC}") = "DomainModel", "DomainModel\DomainModel.csproj", "{5B30157F-F987-4403-87C7-ED3DDDCB41EC}"
EndProject
Project("{FAE04EC0-301F-11D3-BF4B-00C04F79EFBC}") = "DataProviderInterfates", "DataProviderInterfates\DataProviderInterfates.csproj", "{6966C992-F923-4645-9C94-CCA40FD2C528}"
EndProject
Project("{FAE04EC0-301F-11D3-BF4B-00C04F79EFBC}") = "RealmDataProviders", "RealmDataProviders\RealmDataProviders.csproj", "{4A80AFB9-B608-4E7A-8FD7-06B8AEE97C8B}"
EndProject
Project("{2150E333-8FDC-42A3-9474-1A3956D46DE8}") = "WpfApp", "WpfApp", "{32564939-3AAF-4182-9B4F-CE4FBAE4AD6E}"
EndProject
Project("{2150E333-8FDC-42A3-9474-1A3956D46DE8}") = "Shared", "Shared", "{DF66E938-17B3-44B1-8D55-6090BCC3B29E}"
EndProject
Project("{2150E333-8FDC-42A3-9474-1A3956D46DE8}") = "DataAccess", "DataAccess", "{F8A52E5F-43E5-47AF-9154-38CE5934CDC1}"
EndProject
Project("{2150E333-8FDC-42A3-9474-1A3956D46DE8}") = "Tests", "Tests", "{9932F881-8D4C-4DF4-BC79-33B0C5C5D681}"
EndProject
Project("{FAE04EC0-301F-11D3-BF4B-00C04F79EFBC}") = "Substitutes", "Substitutes\Substitutes.csproj", "{5CDAB57E-72DB-4A74-948D-6ED2593D347E}"
EndProject
Project("{FAE04EC0-301F-11D3-BF4B-00C04F79EFBC}") = "XUnitTests", "XUnitTests\XUnitTests.csproj", "{15036370-9A56-475B-9FFD-FF6AC2DB43D9}"
EndProject
Global
	GlobalSection(SolutionConfigurationPlatforms) = preSolution
		Debug|Any CPU = Debug|Any CPU
		Release|Any CPU = Release|Any CPU
	EndGlobalSection
	GlobalSection(ProjectConfigurationPlatforms) = postSolution
		{67A940E9-1D23-4BC7-AECA-707933F85885}.Debug|Any CPU.ActiveCfg = Debug|Any CPU
		{67A940E9-1D23-4BC7-AECA-707933F85885}.Debug|Any CPU.Build.0 = Debug|Any CPU
		{67A940E9-1D23-4BC7-AECA-707933F85885}.Release|Any CPU.ActiveCfg = Release|Any CPU
		{67A940E9-1D23-4BC7-AECA-707933F85885}.Release|Any CPU.Build.0 = Release|Any CPU
		{7E16F344-3841-4CAD-A9E6-5A1E9D0FB461}.Debug|Any CPU.ActiveCfg = Debug|Any CPU
		{7E16F344-3841-4CAD-A9E6-5A1E9D0FB461}.Debug|Any CPU.Build.0 = Debug|Any CPU
		{7E16F344-3841-4CAD-A9E6-5A1E9D0FB461}.Release|Any CPU.ActiveCfg = Release|Any CPU
		{7E16F344-3841-4CAD-A9E6-5A1E9D0FB461}.Release|Any CPU.Build.0 = Release|Any CPU
		{C4EAC603-D6BF-4369-9097-555C0D496FA0}.Debug|Any CPU.ActiveCfg = Debug|Any CPU
		{C4EAC603-D6BF-4369-9097-555C0D496FA0}.Debug|Any CPU.Build.0 = Debug|Any CPU
		{C4EAC603-D6BF-4369-9097-555C0D496FA0}.Release|Any CPU.ActiveCfg = Release|Any CPU
		{C4EAC603-D6BF-4369-9097-555C0D496FA0}.Release|Any CPU.Build.0 = Release|Any CPU
		{931DD48F-4D29-4452-955C-D96623B5B7AF}.Debug|Any CPU.ActiveCfg = Debug|Any CPU
		{931DD48F-4D29-4452-955C-D96623B5B7AF}.Debug|Any CPU.Build.0 = Debug|Any CPU
		{931DD48F-4D29-4452-955C-D96623B5B7AF}.Release|Any CPU.ActiveCfg = Release|Any CPU
		{931DD48F-4D29-4452-955C-D96623B5B7AF}.Release|Any CPU.Build.0 = Release|Any CPU
		{C105966C-BE5F-4C86-8240-7F557316025A}.Debug|Any CPU.ActiveCfg = Debug|Any CPU
		{C105966C-BE5F-4C86-8240-7F557316025A}.Debug|Any CPU.Build.0 = Debug|Any CPU
		{C105966C-BE5F-4C86-8240-7F557316025A}.Release|Any CPU.ActiveCfg = Release|Any CPU
		{C105966C-BE5F-4C86-8240-7F557316025A}.Release|Any CPU.Build.0 = Release|Any CPU
		{5B30157F-F987-4403-87C7-ED3DDDCB41EC}.Debug|Any CPU.ActiveCfg = Debug|Any CPU
		{5B30157F-F987-4403-87C7-ED3DDDCB41EC}.Debug|Any CPU.Build.0 = Debug|Any CPU
		{5B30157F-F987-4403-87C7-ED3DDDCB41EC}.Release|Any CPU.ActiveCfg = Release|Any CPU
		{5B30157F-F987-4403-87C7-ED3DDDCB41EC}.Release|Any CPU.Build.0 = Release|Any CPU
		{6966C992-F923-4645-9C94-CCA40FD2C528}.Debug|Any CPU.ActiveCfg = Debug|Any CPU
		{6966C992-F923-4645-9C94-CCA40FD2C528}.Debug|Any CPU.Build.0 = Debug|Any CPU
		{6966C992-F923-4645-9C94-CCA40FD2C528}.Release|Any CPU.ActiveCfg = Release|Any CPU
		{6966C992-F923-4645-9C94-CCA40FD2C528}.Release|Any CPU.Build.0 = Release|Any CPU
		{4A80AFB9-B608-4E7A-8FD7-06B8AEE97C8B}.Debug|Any CPU.ActiveCfg = Debug|Any CPU
		{4A80AFB9-B608-4E7A-8FD7-06B8AEE97C8B}.Debug|Any CPU.Build.0 = Debug|Any CPU
		{4A80AFB9-B608-4E7A-8FD7-06B8AEE97C8B}.Release|Any CPU.ActiveCfg = Release|Any CPU
		{4A80AFB9-B608-4E7A-8FD7-06B8AEE97C8B}.Release|Any CPU.Build.0 = Release|Any CPU
		{5CDAB57E-72DB-4A74-948D-6ED2593D347E}.Debug|Any CPU.ActiveCfg = Debug|Any CPU
		{5CDAB57E-72DB-4A74-948D-6ED2593D347E}.Debug|Any CPU.Build.0 = Debug|Any CPU
		{5CDAB57E-72DB-4A74-948D-6ED2593D347E}.Release|Any CPU.ActiveCfg = Release|Any CPU
		{5CDAB57E-72DB-4A74-948D-6ED2593D347E}.Release|Any CPU.Build.0 = Release|Any CPU
		{15036370-9A56-475B-9FFD-FF6AC2DB43D9}.Debug|Any CPU.ActiveCfg = Debug|Any CPU
		{15036370-9A56-475B-9FFD-FF6AC2DB43D9}.Debug|Any CPU.Build.0 = Debug|Any CPU
		{15036370-9A56-475B-9FFD-FF6AC2DB43D9}.Release|Any CPU.ActiveCfg = Release|Any CPU
		{15036370-9A56-475B-9FFD-FF6AC2DB43D9}.Release|Any CPU.Build.0 = Release|Any CPU
	EndGlobalSection
	GlobalSection(SolutionProperties) = preSolution
		HideSolutionNode = FALSE
	EndGlobalSection
	GlobalSection(NestedProjects) = preSolution
		{67A940E9-1D23-4BC7-AECA-707933F85885} = {32564939-3AAF-4182-9B4F-CE4FBAE4AD6E}
		{7E16F344-3841-4CAD-A9E6-5A1E9D0FB461} = {32564939-3AAF-4182-9B4F-CE4FBAE4AD6E}
		{C4EAC603-D6BF-4369-9097-555C0D496FA0} = {DF66E938-17B3-44B1-8D55-6090BCC3B29E}
		{931DD48F-4D29-4452-955C-D96623B5B7AF} = {32564939-3AAF-4182-9B4F-CE4FBAE4AD6E}
		{C105966C-BE5F-4C86-8240-7F557316025A} = {32564939-3AAF-4182-9B4F-CE4FBAE4AD6E}
		{5B30157F-F987-4403-87C7-ED3DDDCB41EC} = {DF66E938-17B3-44B1-8D55-6090BCC3B29E}
		{6966C992-F923-4645-9C94-CCA40FD2C528} = {DF66E938-17B3-44B1-8D55-6090BCC3B29E}
		{4A80AFB9-B608-4E7A-8FD7-06B8AEE97C8B} = {F8A52E5F-43E5-47AF-9154-38CE5934CDC1}
		{5CDAB57E-72DB-4A74-948D-6ED2593D347E} = {9932F881-8D4C-4DF4-BC79-33B0C5C5D681}
		{15036370-9A56-475B-9FFD-FF6AC2DB43D9} = {9932F881-8D4C-4DF4-BC79-33B0C5C5D681}
	EndGlobalSection
	GlobalSection(ExtensibilityGlobals) = postSolution
		SolutionGuid = {CFDBF38F-2C45-4CEC-B2C2-3BCA3A300035}
	EndGlobalSection
EndGlobal
